
Microsoft Visual Studio Solution File, Format Version 12.00
# Visual Studio 15
Project("{FAE04EC0-301F-11D3-BF4B-00C04F79EFBC}") = "Mirror.Components", "Mirror.Components.csproj", "{A422E854-A1AB-D94B-3602-A4CB56BEDAA6}"
EndProject
Project("{FAE04EC0-301F-11D3-BF4B-00C04F79EFBC}") = "Mirror.Examples", "Mirror.Examples.csproj", "{2B143BE7-55C4-780B-6742-1FB424BC112B}"
EndProject
Project("{FAE04EC0-301F-11D3-BF4B-00C04F79EFBC}") = "Mirror", "Mirror.csproj", "{BB5A978C-439D-9C81-E043-E21138FC97D2}"
EndProject
Project("{FAE04EC0-301F-11D3-BF4B-00C04F79EFBC}") = "Mirror.Hosting", "Mirror.Hosting.csproj", "{8F903016-1E2C-D848-99FE-C09E1C005209}"
EndProject
Project("{FAE04EC0-301F-11D3-BF4B-00C04F79EFBC}") = "Assembly-CSharp", "Assembly-CSharp.csproj", "{F1BCC907-F6DC-295C-FB19-7858243A54A2}"
EndProject
Project("{FAE04EC0-301F-11D3-BF4B-00C04F79EFBC}") = "Unity.Mirror.CodeGen", "Unity.Mirror.CodeGen.csproj", "{B51B6EE3-6422-2BA2-480C-75ED3910BCAD}"
EndProject
Project("{FAE04EC0-301F-11D3-BF4B-00C04F79EFBC}") = "Mirror.Editor", "Mirror.Editor.csproj", "{DCCDD5EB-9DC9-0158-7F34-6F5DB85A678B}"
EndProject
Project("{FAE04EC0-301F-11D3-BF4B-00C04F79EFBC}") = "Mirror.Transports", "Mirror.Transports.csproj", "{9D0C392F-67BE-5207-6726-0D83F9805DFB}"
EndProject
Project("{FAE04EC0-301F-11D3-BF4B-00C04F79EFBC}") = "Telepathy", "Telepathy.csproj", "{454EFB2A-A6D3-9BDD-E8D1-E31261699481}"
EndProject
Project("{FAE04EC0-301F-11D3-BF4B-00C04F79EFBC}") = "SimpleWebTransport", "SimpleWebTransport.csproj", "{A1D0C293-554D-B8C0-9A6D-3601A26BE249}"
EndProject
Project("{FAE04EC0-301F-11D3-BF4B-00C04F79EFBC}") = "kcp2k", "kcp2k.csproj", "{F693C7FD-C10B-BFDC-1923-DE3D32AE8A77}"
EndProject
Project("{FAE04EC0-301F-11D3-BF4B-00C04F79EFBC}") = "Mirror.Authenticators", "Mirror.Authenticators.csproj", "{35137EE4-6FE5-413D-3782-2ECA98D9E243}"
EndProject
Project("{FAE04EC0-301F-11D3-BF4B-00C04F79EFBC}") = "Assembly-CSharp-Editor", "Assembly-CSharp-Editor.csproj", "{39306E4D-6B4D-F278-DEC3-EE814437B469}"
EndProject
Project("{FAE04EC0-301F-11D3-BF4B-00C04F79EFBC}") = "Mirror.CompilerSymbols", "Mirror.CompilerSymbols.csproj", "{B87D3379-6D09-4FDA-1BEA-522B17C44D6C}"
EndProject
Global
	GlobalSection(SolutionConfigurationPlatforms) = preSolution
		Debug|Any CPU = Debug|Any CPU
		Release|Any CPU = Release|Any CPU
	EndGlobalSection
	GlobalSection(ProjectConfigurationPlatforms) = postSolution
		{A422E854-A1AB-D94B-3602-A4CB56BEDAA6}.Debug|Any CPU.ActiveCfg = Debug|Any CPU
		{A422E854-A1AB-D94B-3602-A4CB56BEDAA6}.Debug|Any CPU.Build.0 = Debug|Any CPU
		{A422E854-A1AB-D94B-3602-A4CB56BEDAA6}.Release|Any CPU.ActiveCfg = Release|Any CPU
		{A422E854-A1AB-D94B-3602-A4CB56BEDAA6}.Release|Any CPU.Build.0 = Release|Any CPU
		{2B143BE7-55C4-780B-6742-1FB424BC112B}.Debug|Any CPU.ActiveCfg = Debug|Any CPU
		{2B143BE7-55C4-780B-6742-1FB424BC112B}.Debug|Any CPU.Build.0 = Debug|Any CPU
		{2B143BE7-55C4-780B-6742-1FB424BC112B}.Release|Any CPU.ActiveCfg = Release|Any CPU
		{2B143BE7-55C4-780B-6742-1FB424BC112B}.Release|Any CPU.Build.0 = Release|Any CPU
		{BB5A978C-439D-9C81-E043-E21138FC97D2}.Debug|Any CPU.ActiveCfg = Debug|Any CPU
		{BB5A978C-439D-9C81-E043-E21138FC97D2}.Debug|Any CPU.Build.0 = Debug|Any CPU
		{BB5A978C-439D-9C81-E043-E21138FC97D2}.Release|Any CPU.ActiveCfg = Release|Any CPU
		{BB5A978C-439D-9C81-E043-E21138FC97D2}.Release|Any CPU.Build.0 = Release|Any CPU
		{8F903016-1E2C-D848-99FE-C09E1C005209}.Debug|Any CPU.ActiveCfg = Debug|Any CPU
		{8F903016-1E2C-D848-99FE-C09E1C005209}.Debug|Any CPU.Build.0 = Debug|Any CPU
		{8F903016-1E2C-D848-99FE-C09E1C005209}.Release|Any CPU.ActiveCfg = Release|Any CPU
		{8F903016-1E2C-D848-99FE-C09E1C005209}.Release|Any CPU.Build.0 = Release|Any CPU
		{F1BCC907-F6DC-295C-FB19-7858243A54A2}.Debug|Any CPU.ActiveCfg = Debug|Any CPU
		{F1BCC907-F6DC-295C-FB19-7858243A54A2}.Debug|Any CPU.Build.0 = Debug|Any CPU
		{F1BCC907-F6DC-295C-FB19-7858243A54A2}.Release|Any CPU.ActiveCfg = Release|Any CPU
		{F1BCC907-F6DC-295C-FB19-7858243A54A2}.Release|Any CPU.Build.0 = Release|Any CPU
		{B51B6EE3-6422-2BA2-480C-75ED3910BCAD}.Debug|Any CPU.ActiveCfg = Debug|Any CPU
		{B51B6EE3-6422-2BA2-480C-75ED3910BCAD}.Debug|Any CPU.Build.0 = Debug|Any CPU
		{B51B6EE3-6422-2BA2-480C-75ED3910BCAD}.Release|Any CPU.ActiveCfg = Release|Any CPU
		{B51B6EE3-6422-2BA2-480C-75ED3910BCAD}.Release|Any CPU.Build.0 = Release|Any CPU
		{DCCDD5EB-9DC9-0158-7F34-6F5DB85A678B}.Debug|Any CPU.ActiveCfg = Debug|Any CPU
		{DCCDD5EB-9DC9-0158-7F34-6F5DB85A678B}.Debug|Any CPU.Build.0 = Debug|Any CPU
		{DCCDD5EB-9DC9-0158-7F34-6F5DB85A678B}.Release|Any CPU.ActiveCfg = Release|Any CPU
		{DCCDD5EB-9DC9-0158-7F34-6F5DB85A678B}.Release|Any CPU.Build.0 = Release|Any CPU
		{9D0C392F-67BE-5207-6726-0D83F9805DFB}.Debug|Any CPU.ActiveCfg = Debug|Any CPU
		{9D0C392F-67BE-5207-6726-0D83F9805DFB}.Debug|Any CPU.Build.0 = Debug|Any CPU
		{9D0C392F-67BE-5207-6726-0D83F9805DFB}.Release|Any CPU.ActiveCfg = Release|Any CPU
		{9D0C392F-67BE-5207-6726-0D83F9805DFB}.Release|Any CPU.Build.0 = Release|Any CPU
		{454EFB2A-A6D3-9BDD-E8D1-E31261699481}.Debug|Any CPU.ActiveCfg = Debug|Any CPU
		{454EFB2A-A6D3-9BDD-E8D1-E31261699481}.Debug|Any CPU.Build.0 = Debug|Any CPU
		{454EFB2A-A6D3-9BDD-E8D1-E31261699481}.Release|Any CPU.ActiveCfg = Release|Any CPU
		{454EFB2A-A6D3-9BDD-E8D1-E31261699481}.Release|Any CPU.Build.0 = Release|Any CPU
		{A1D0C293-554D-B8C0-9A6D-3601A26BE249}.Debug|Any CPU.ActiveCfg = Debug|Any CPU
		{A1D0C293-554D-B8C0-9A6D-3601A26BE249}.Debug|Any CPU.Build.0 = Debug|Any CPU
		{A1D0C293-554D-B8C0-9A6D-3601A26BE249}.Release|Any CPU.ActiveCfg = Release|Any CPU
		{A1D0C293-554D-B8C0-9A6D-3601A26BE249}.Release|Any CPU.Build.0 = Release|Any CPU
		{F693C7FD-C10B-BFDC-1923-DE3D32AE8A77}.Debug|Any CPU.ActiveCfg = Debug|Any CPU
		{F693C7FD-C10B-BFDC-1923-DE3D32AE8A77}.Debug|Any CPU.Build.0 = Debug|Any CPU
		{F693C7FD-C10B-BFDC-1923-DE3D32AE8A77}.Release|Any CPU.ActiveCfg = Release|Any CPU
		{F693C7FD-C10B-BFDC-1923-DE3D32AE8A77}.Release|Any CPU.Build.0 = Release|Any CPU
		{35137EE4-6FE5-413D-3782-2ECA98D9E243}.Debug|Any CPU.ActiveCfg = Debug|Any CPU
		{35137EE4-6FE5-413D-3782-2ECA98D9E243}.Debug|Any CPU.Build.0 = Debug|Any CPU
		{35137EE4-6FE5-413D-3782-2ECA98D9E243}.Release|Any CPU.ActiveCfg = Release|Any CPU
		{35137EE4-6FE5-413D-3782-2ECA98D9E243}.Release|Any CPU.Build.0 = Release|Any CPU
		{39306E4D-6B4D-F278-DEC3-EE814437B469}.Debug|Any CPU.ActiveCfg = Debug|Any CPU
		{39306E4D-6B4D-F278-DEC3-EE814437B469}.Debug|Any CPU.Build.0 = Debug|Any CPU
		{39306E4D-6B4D-F278-DEC3-EE814437B469}.Release|Any CPU.ActiveCfg = Release|Any CPU
		{39306E4D-6B4D-F278-DEC3-EE814437B469}.Release|Any CPU.Build.0 = Release|Any CPU
		{B87D3379-6D09-4FDA-1BEA-522B17C44D6C}.Debug|Any CPU.ActiveCfg = Debug|Any CPU
		{B87D3379-6D09-4FDA-1BEA-522B17C44D6C}.Debug|Any CPU.Build.0 = Debug|Any CPU
		{B87D3379-6D09-4FDA-1BEA-522B17C44D6C}.Release|Any CPU.ActiveCfg = Release|Any CPU
		{B87D3379-6D09-4FDA-1BEA-522B17C44D6C}.Release|Any CPU.Build.0 = Release|Any CPU
	EndGlobalSection
	GlobalSection(SolutionProperties) = preSolution
		HideSolutionNode = FALSE
	EndGlobalSection
	GlobalSection(MonoDevelopProperties) = preSolution
		StartupItem = Assembly-CSharp.csproj
	EndGlobalSection
EndGlobal
